// !$*UTF8*$!
{
	archiveVersion = 1;
	classes = {
	};
	objectVersion = 55;
	objects = {

/* Begin PBXBuildFile section */
		BA00723E26FD8D6800CEC8C5 /* VideoFeed2App.swift in Sources */ = {isa = PBXBuildFile; fileRef = BA00723D26FD8D6800CEC8C5 /* VideoFeed2App.swift */; };
		BA00724026FD8D6800CEC8C5 /* ContentView.swift in Sources */ = {isa = PBXBuildFile; fileRef = BA00723F26FD8D6800CEC8C5 /* ContentView.swift */; };
		BA00724226FD8D6900CEC8C5 /* Assets.xcassets in Resources */ = {isa = PBXBuildFile; fileRef = BA00724126FD8D6900CEC8C5 /* Assets.xcassets */; };
		BA00724526FD8D6900CEC8C5 /* Preview Assets.xcassets in Resources */ = {isa = PBXBuildFile; fileRef = BA00724426FD8D6900CEC8C5 /* Preview Assets.xcassets */; };
		BA00724F26FD8D6A00CEC8C5 /* VideoFeed2Tests.swift in Sources */ = {isa = PBXBuildFile; fileRef = BA00724E26FD8D6A00CEC8C5 /* VideoFeed2Tests.swift */; };
		BA00725926FD8D6A00CEC8C5 /* VideoFeed2UITests.swift in Sources */ = {isa = PBXBuildFile; fileRef = BA00725826FD8D6A00CEC8C5 /* VideoFeed2UITests.swift */; };
		BA00725B26FD8D6A00CEC8C5 /* VideoFeed2UITestsLaunchTests.swift in Sources */ = {isa = PBXBuildFile; fileRef = BA00725A26FD8D6A00CEC8C5 /* VideoFeed2UITestsLaunchTests.swift */; };
		BA0213E6270A24DF00E519A3 /* LoadVideos.swift in Sources */ = {isa = PBXBuildFile; fileRef = BA0213E5270A24DF00E519A3 /* LoadVideos.swift */; };
		BAB52E1C2708237400BFFCFB /* Persistence.swift in Sources */ = {isa = PBXBuildFile; fileRef = BAB52E1B2708237400BFFCFB /* Persistence.swift */; };
		BAB52E1F270823A300BFFCFB /* VideoFeed2.xcdatamodeld in Sources */ = {isa = PBXBuildFile; fileRef = BAB52E1D270823A300BFFCFB /* VideoFeed2.xcdatamodeld */; };
		BABE81F72700F967002CC455 /* Reader.swift in Sources */ = {isa = PBXBuildFile; fileRef = BABE81F62700F967002CC455 /* Reader.swift */; };
/* End PBXBuildFile section */

/* Begin PBXContainerItemProxy section */
		BA00724B26FD8D6A00CEC8C5 /* PBXContainerItemProxy */ = {
			isa = PBXContainerItemProxy;
			containerPortal = BA00723226FD8D6800CEC8C5 /* Project object */;
			proxyType = 1;
			remoteGlobalIDString = BA00723926FD8D6800CEC8C5;
			remoteInfo = VideoFeed2;
		};
		BA00725526FD8D6A00CEC8C5 /* PBXContainerItemProxy */ = {
			isa = PBXContainerItemProxy;
			containerPortal = BA00723226FD8D6800CEC8C5 /* Project object */;
			proxyType = 1;
			remoteGlobalIDString = BA00723926FD8D6800CEC8C5;
			remoteInfo = VideoFeed2;
		};
/* End PBXContainerItemProxy section */

/* Begin PBXFileReference section */
		BA00723A26FD8D6800CEC8C5 /* VideoFeed2.app */ = {isa = PBXFileReference; explicitFileType = wrapper.application; includeInIndex = 0; path = VideoFeed2.app; sourceTree = BUILT_PRODUCTS_DIR; };
		BA00723D26FD8D6800CEC8C5 /* VideoFeed2App.swift */ = {isa = PBXFileReference; lastKnownFileType = sourcecode.swift; path = VideoFeed2App.swift; sourceTree = "<group>"; };
		BA00723F26FD8D6800CEC8C5 /* ContentView.swift */ = {isa = PBXFileReference; lastKnownFileType = sourcecode.swift; path = ContentView.swift; sourceTree = "<group>"; };
		BA00724126FD8D6900CEC8C5 /* Assets.xcassets */ = {isa = PBXFileReference; lastKnownFileType = folder.assetcatalog; path = Assets.xcassets; sourceTree = "<group>"; };
		BA00724426FD8D6900CEC8C5 /* Preview Assets.xcassets */ = {isa = PBXFileReference; lastKnownFileType = folder.assetcatalog; path = "Preview Assets.xcassets"; sourceTree = "<group>"; };
		BA00724A26FD8D6A00CEC8C5 /* VideoFeed2Tests.xctest */ = {isa = PBXFileReference; explicitFileType = wrapper.cfbundle; includeInIndex = 0; path = VideoFeed2Tests.xctest; sourceTree = BUILT_PRODUCTS_DIR; };
		BA00724E26FD8D6A00CEC8C5 /* VideoFeed2Tests.swift */ = {isa = PBXFileReference; lastKnownFileType = sourcecode.swift; path = VideoFeed2Tests.swift; sourceTree = "<group>"; };
		BA00725426FD8D6A00CEC8C5 /* VideoFeed2UITests.xctest */ = {isa = PBXFileReference; explicitFileType = wrapper.cfbundle; includeInIndex = 0; path = VideoFeed2UITests.xctest; sourceTree = BUILT_PRODUCTS_DIR; };
		BA00725826FD8D6A00CEC8C5 /* VideoFeed2UITests.swift */ = {isa = PBXFileReference; lastKnownFileType = sourcecode.swift; path = VideoFeed2UITests.swift; sourceTree = "<group>"; };
		BA00725A26FD8D6A00CEC8C5 /* VideoFeed2UITestsLaunchTests.swift */ = {isa = PBXFileReference; lastKnownFileType = sourcecode.swift; path = VideoFeed2UITestsLaunchTests.swift; sourceTree = "<group>"; };
		BA0213E5270A24DF00E519A3 /* LoadVideos.swift */ = {isa = PBXFileReference; lastKnownFileType = sourcecode.swift; path = LoadVideos.swift; sourceTree = "<group>"; };
		BAB52E1B2708237400BFFCFB /* Persistence.swift */ = {isa = PBXFileReference; lastKnownFileType = sourcecode.swift; path = Persistence.swift; sourceTree = "<group>"; };
		BAB52E1E270823A300BFFCFB /* VideoFeed2.xcdatamodel */ = {isa = PBXFileReference; lastKnownFileType = wrapper.xcdatamodel; path = VideoFeed2.xcdatamodel; sourceTree = "<group>"; };
		BABE81F62700F967002CC455 /* Reader.swift */ = {isa = PBXFileReference; lastKnownFileType = sourcecode.swift; path = Reader.swift; sourceTree = "<group>"; };
/* End PBXFileReference section */

/* Begin PBXFrameworksBuildPhase section */
		BA00723726FD8D6800CEC8C5 /* Frameworks */ = {
			isa = PBXFrameworksBuildPhase;
			buildActionMask = 2147483647;
			files = (
			);
			runOnlyForDeploymentPostprocessing = 0;
		};
		BA00724726FD8D6A00CEC8C5 /* Frameworks */ = {
			isa = PBXFrameworksBuildPhase;
			buildActionMask = 2147483647;
			files = (
			);
			runOnlyForDeploymentPostprocessing = 0;
		};
		BA00725126FD8D6A00CEC8C5 /* Frameworks */ = {
			isa = PBXFrameworksBuildPhase;
			buildActionMask = 2147483647;
			files = (
			);
			runOnlyForDeploymentPostprocessing = 0;
		};
/* End PBXFrameworksBuildPhase section */

/* Begin PBXGroup section */
		BA00723126FD8D6800CEC8C5 = {
			isa = PBXGroup;
			children = (
				BA00723C26FD8D6800CEC8C5 /* VideoFeed2 */,
				BA00724D26FD8D6A00CEC8C5 /* VideoFeed2Tests */,
				BA00725726FD8D6A00CEC8C5 /* VideoFeed2UITests */,
				BA00723B26FD8D6800CEC8C5 /* Products */,
			);
			sourceTree = "<group>";
		};
		BA00723B26FD8D6800CEC8C5 /* Products */ = {
			isa = PBXGroup;
			children = (
				BA00723A26FD8D6800CEC8C5 /* VideoFeed2.app */,
				BA00724A26FD8D6A00CEC8C5 /* VideoFeed2Tests.xctest */,
				BA00725426FD8D6A00CEC8C5 /* VideoFeed2UITests.xctest */,
			);
			name = Products;
			sourceTree = "<group>";
		};
		BA00723C26FD8D6800CEC8C5 /* VideoFeed2 */ = {
			isa = PBXGroup;
			children = (
				BA00723D26FD8D6800CEC8C5 /* VideoFeed2App.swift */,
				BA00723F26FD8D6800CEC8C5 /* ContentView.swift */,
				BABE81F62700F967002CC455 /* Reader.swift */,
				BA0213E5270A24DF00E519A3 /* LoadVideos.swift */,
				BAB52E1B2708237400BFFCFB /* Persistence.swift */,
				BAB52E1D270823A300BFFCFB /* VideoFeed2.xcdatamodeld */,
				BA00724126FD8D6900CEC8C5 /* Assets.xcassets */,
				BA00724326FD8D6900CEC8C5 /* Preview Content */,
			);
			path = VideoFeed2;
			sourceTree = "<group>";
		};
		BA00724326FD8D6900CEC8C5 /* Preview Content */ = {
			isa = PBXGroup;
			children = (
				BA00724426FD8D6900CEC8C5 /* Preview Assets.xcassets */,
			);
			path = "Preview Content";
			sourceTree = "<group>";
		};
		BA00724D26FD8D6A00CEC8C5 /* VideoFeed2Tests */ = {
			isa = PBXGroup;
			children = (
				BA00724E26FD8D6A00CEC8C5 /* VideoFeed2Tests.swift */,
			);
			path = VideoFeed2Tests;
			sourceTree = "<group>";
		};
		BA00725726FD8D6A00CEC8C5 /* VideoFeed2UITests */ = {
			isa = PBXGroup;
			children = (
				BA00725826FD8D6A00CEC8C5 /* VideoFeed2UITests.swift */,
				BA00725A26FD8D6A00CEC8C5 /* VideoFeed2UITestsLaunchTests.swift */,
			);
			path = VideoFeed2UITests;
			sourceTree = "<group>";
		};
/* End PBXGroup section */

/* Begin PBXNativeTarget section */
		BA00723926FD8D6800CEC8C5 /* VideoFeed2 */ = {
			isa = PBXNativeTarget;
			buildConfigurationList = BA00725E26FD8D6A00CEC8C5 /* Build configuration list for PBXNativeTarget "VideoFeed2" */;
			buildPhases = (
				BA00723626FD8D6800CEC8C5 /* Sources */,
				BA00723726FD8D6800CEC8C5 /* Frameworks */,
				BA00723826FD8D6800CEC8C5 /* Resources */,
			);
			buildRules = (
			);
			dependencies = (
			);
			name = VideoFeed2;
			productName = VideoFeed2;
			productReference = BA00723A26FD8D6800CEC8C5 /* VideoFeed2.app */;
			productType = "com.apple.product-type.application";
		};
		BA00724926FD8D6A00CEC8C5 /* VideoFeed2Tests */ = {
			isa = PBXNativeTarget;
			buildConfigurationList = BA00726126FD8D6A00CEC8C5 /* Build configuration list for PBXNativeTarget "VideoFeed2Tests" */;
			buildPhases = (
				BA00724626FD8D6A00CEC8C5 /* Sources */,
				BA00724726FD8D6A00CEC8C5 /* Frameworks */,
				BA00724826FD8D6A00CEC8C5 /* Resources */,
			);
			buildRules = (
			);
			dependencies = (
				BA00724C26FD8D6A00CEC8C5 /* PBXTargetDependency */,
			);
			name = VideoFeed2Tests;
			productName = VideoFeed2Tests;
			productReference = BA00724A26FD8D6A00CEC8C5 /* VideoFeed2Tests.xctest */;
			productType = "com.apple.product-type.bundle.unit-test";
		};
		BA00725326FD8D6A00CEC8C5 /* VideoFeed2UITests */ = {
			isa = PBXNativeTarget;
			buildConfigurationList = BA00726426FD8D6A00CEC8C5 /* Build configuration list for PBXNativeTarget "VideoFeed2UITests" */;
			buildPhases = (
				BA00725026FD8D6A00CEC8C5 /* Sources */,
				BA00725126FD8D6A00CEC8C5 /* Frameworks */,
				BA00725226FD8D6A00CEC8C5 /* Resources */,
			);
			buildRules = (
			);
			dependencies = (
				BA00725626FD8D6A00CEC8C5 /* PBXTargetDependency */,
			);
			name = VideoFeed2UITests;
			productName = VideoFeed2UITests;
			productReference = BA00725426FD8D6A00CEC8C5 /* VideoFeed2UITests.xctest */;
			productType = "com.apple.product-type.bundle.ui-testing";
		};
/* End PBXNativeTarget section */

/* Begin PBXProject section */
		BA00723226FD8D6800CEC8C5 /* Project object */ = {
			isa = PBXProject;
			attributes = {
				BuildIndependentTargetsInParallel = 1;
				LastSwiftUpdateCheck = 1300;
				LastUpgradeCheck = 1300;
				TargetAttributes = {
					BA00723926FD8D6800CEC8C5 = {
						CreatedOnToolsVersion = 13.0;
					};
					BA00724926FD8D6A00CEC8C5 = {
						CreatedOnToolsVersion = 13.0;
						TestTargetID = BA00723926FD8D6800CEC8C5;
					};
					BA00725326FD8D6A00CEC8C5 = {
						CreatedOnToolsVersion = 13.0;
						TestTargetID = BA00723926FD8D6800CEC8C5;
					};
				};
			};
			buildConfigurationList = BA00723526FD8D6800CEC8C5 /* Build configuration list for PBXProject "VideoFeed2" */;
			compatibilityVersion = "Xcode 13.0";
			developmentRegion = en;
			hasScannedForEncodings = 0;
			knownRegions = (
				en,
				Base,
			);
			mainGroup = BA00723126FD8D6800CEC8C5;
			productRefGroup = BA00723B26FD8D6800CEC8C5 /* Products */;
			projectDirPath = "";
			projectRoot = "";
			targets = (
				BA00723926FD8D6800CEC8C5 /* VideoFeed2 */,
				BA00724926FD8D6A00CEC8C5 /* VideoFeed2Tests */,
				BA00725326FD8D6A00CEC8C5 /* VideoFeed2UITests */,
			);
		};
/* End PBXProject section */

/* Begin PBXResourcesBuildPhase section */
		BA00723826FD8D6800CEC8C5 /* Resources */ = {
			isa = PBXResourcesBuildPhase;
			buildActionMask = 2147483647;
			files = (
				BA00724526FD8D6900CEC8C5 /* Preview Assets.xcassets in Resources */,
				BA00724226FD8D6900CEC8C5 /* Assets.xcassets in Resources */,
			);
			runOnlyForDeploymentPostprocessing = 0;
		};
		BA00724826FD8D6A00CEC8C5 /* Resources */ = {
			isa = PBXResourcesBuildPhase;
			buildActionMask = 2147483647;
			files = (
			);
			runOnlyForDeploymentPostprocessing = 0;
		};
		BA00725226FD8D6A00CEC8C5 /* Resources */ = {
			isa = PBXResourcesBuildPhase;
			buildActionMask = 2147483647;
			files = (
			);
			runOnlyForDeploymentPostprocessing = 0;
		};
/* End PBXResourcesBuildPhase section */

/* Begin PBXSourcesBuildPhase section */
		BA00723626FD8D6800CEC8C5 /* Sources */ = {
			isa = PBXSourcesBuildPhase;
			buildActionMask = 2147483647;
			files = (
				BABE81F72700F967002CC455 /* Reader.swift in Sources */,
				BAB52E1F270823A300BFFCFB /* VideoFeed2.xcdatamodeld in Sources */,
				BAB52E1C2708237400BFFCFB /* Persistence.swift in Sources */,
				BA00724026FD8D6800CEC8C5 /* ContentView.swift in Sources */,
				BA00723E26FD8D6800CEC8C5 /* VideoFeed2App.swift in Sources */,
				BA0213E6270A24DF00E519A3 /* LoadVideos.swift in Sources */,
			);
			runOnlyForDeploymentPostprocessing = 0;
		};
		BA00724626FD8D6A00CEC8C5 /* Sources */ = {
			isa = PBXSourcesBuildPhase;
			buildActionMask = 2147483647;
			files = (
				BA00724F26FD8D6A00CEC8C5 /* VideoFeed2Tests.swift in Sources */,
			);
			runOnlyForDeploymentPostprocessing = 0;
		};
		BA00725026FD8D6A00CEC8C5 /* Sources */ = {
			isa = PBXSourcesBuildPhase;
			buildActionMask = 2147483647;
			files = (
				BA00725926FD8D6A00CEC8C5 /* VideoFeed2UITests.swift in Sources */,
				BA00725B26FD8D6A00CEC8C5 /* VideoFeed2UITestsLaunchTests.swift in Sources */,
			);
			runOnlyForDeploymentPostprocessing = 0;
		};
/* End PBXSourcesBuildPhase section */

/* Begin PBXTargetDependency section */
		BA00724C26FD8D6A00CEC8C5 /* PBXTargetDependency */ = {
			isa = PBXTargetDependency;
			target = BA00723926FD8D6800CEC8C5 /* VideoFeed2 */;
			targetProxy = BA00724B26FD8D6A00CEC8C5 /* PBXContainerItemProxy */;
		};
		BA00725626FD8D6A00CEC8C5 /* PBXTargetDependency */ = {
			isa = PBXTargetDependency;
			target = BA00723926FD8D6800CEC8C5 /* VideoFeed2 */;
			targetProxy = BA00725526FD8D6A00CEC8C5 /* PBXContainerItemProxy */;
		};
/* End PBXTargetDependency section */

/* Begin XCBuildConfiguration section */
		BA00725C26FD8D6A00CEC8C5 /* Debug */ = {
			isa = XCBuildConfiguration;
			buildSettings = {
				ALWAYS_SEARCH_USER_PATHS = NO;
				CLANG_ANALYZER_NONNULL = YES;
				CLANG_ANALYZER_NUMBER_OBJECT_CONVERSION = YES_AGGRESSIVE;
				CLANG_CXX_LANGUAGE_STANDARD = "gnu++17";
				CLANG_CXX_LIBRARY = "libc++";
				CLANG_ENABLE_MODULES = YES;
				CLANG_ENABLE_OBJC_ARC = YES;
				CLANG_ENABLE_OBJC_WEAK = YES;
				CLANG_WARN_BLOCK_CAPTURE_AUTORELEASING = YES;
				CLANG_WARN_BOOL_CONVERSION = YES;
				CLANG_WARN_COMMA = YES;
				CLANG_WARN_CONSTANT_CONVERSION = YES;
				CLANG_WARN_DEPRECATED_OBJC_IMPLEMENTATIONS = YES;
				CLANG_WARN_DIRECT_OBJC_ISA_USAGE = YES_ERROR;
				CLANG_WARN_DOCUMENTATION_COMMENTS = YES;
				CLANG_WARN_EMPTY_BODY = YES;
				CLANG_WARN_ENUM_CONVERSION = YES;
				CLANG_WARN_INFINITE_RECURSION = YES;
				CLANG_WARN_INT_CONVERSION = YES;
				CLANG_WARN_NON_LITERAL_NULL_CONVERSION = YES;
				CLANG_WARN_OBJC_IMPLICIT_RETAIN_SELF = YES;
				CLANG_WARN_OBJC_LITERAL_CONVERSION = YES;
				CLANG_WARN_OBJC_ROOT_CLASS = YES_ERROR;
				CLANG_WARN_QUOTED_INCLUDE_IN_FRAMEWORK_HEADER = YES;
				CLANG_WARN_RANGE_LOOP_ANALYSIS = YES;
				CLANG_WARN_STRICT_PROTOTYPES = YES;
				CLANG_WARN_SUSPICIOUS_MOVE = YES;
				CLANG_WARN_UNGUARDED_AVAILABILITY = YES_AGGRESSIVE;
				CLANG_WARN_UNREACHABLE_CODE = YES;
				CLANG_WARN__DUPLICATE_METHOD_MATCH = YES;
				COPY_PHASE_STRIP = NO;
				DEBUG_INFORMATION_FORMAT = dwarf;
				ENABLE_STRICT_OBJC_MSGSEND = YES;
				ENABLE_TESTABILITY = YES;
				GCC_C_LANGUAGE_STANDARD = gnu11;
				GCC_DYNAMIC_NO_PIC = NO;
				GCC_NO_COMMON_BLOCKS = YES;
				GCC_OPTIMIZATION_LEVEL = 0;
				GCC_PREPROCESSOR_DEFINITIONS = (
					"DEBUG=1",
					"$(inherited)",
				);
				GCC_WARN_64_TO_32_BIT_CONVERSION = YES;
				GCC_WARN_ABOUT_RETURN_TYPE = YES_ERROR;
				GCC_WARN_UNDECLARED_SELECTOR = YES;
				GCC_WARN_UNINITIALIZED_AUTOS = YES_AGGRESSIVE;
				GCC_WARN_UNUSED_FUNCTION = YES;
				GCC_WARN_UNUSED_VARIABLE = YES;
				IPHONEOS_DEPLOYMENT_TARGET = 15.0;
				MTL_ENABLE_DEBUG_INFO = INCLUDE_SOURCE;
				MTL_FAST_MATH = YES;
				ONLY_ACTIVE_ARCH = YES;
				SDKROOT = iphoneos;
				SWIFT_ACTIVE_COMPILATION_CONDITIONS = DEBUG;
				SWIFT_OPTIMIZATION_LEVEL = "-Onone";
			};
			name = Debug;
		};
		BA00725D26FD8D6A00CEC8C5 /* Release */ = {
			isa = XCBuildConfiguration;
			buildSettings = {
				ALWAYS_SEARCH_USER_PATHS = NO;
				CLANG_ANALYZER_NONNULL = YES;
				CLANG_ANALYZER_NUMBER_OBJECT_CONVERSION = YES_AGGRESSIVE;
				CLANG_CXX_LANGUAGE_STANDARD = "gnu++17";
				CLANG_CXX_LIBRARY = "libc++";
				CLANG_ENABLE_MODULES = YES;
				CLANG_ENABLE_OBJC_ARC = YES;
				CLANG_ENABLE_OBJC_WEAK = YES;
				CLANG_WARN_BLOCK_CAPTURE_AUTORELEASING = YES;
				CLANG_WARN_BOOL_CONVERSION = YES;
				CLANG_WARN_COMMA = YES;
				CLANG_WARN_CONSTANT_CONVERSION = YES;
				CLANG_WARN_DEPRECATED_OBJC_IMPLEMENTATIONS = YES;
				CLANG_WARN_DIRECT_OBJC_ISA_USAGE = YES_ERROR;
				CLANG_WARN_DOCUMENTATION_COMMENTS = YES;
				CLANG_WARN_EMPTY_BODY = YES;
				CLANG_WARN_ENUM_CONVERSION = YES;
				CLANG_WARN_INFINITE_RECURSION = YES;
				CLANG_WARN_INT_CONVERSION = YES;
				CLANG_WARN_NON_LITERAL_NULL_CONVERSION = YES;
				CLANG_WARN_OBJC_IMPLICIT_RETAIN_SELF = YES;
				CLANG_WARN_OBJC_LITERAL_CONVERSION = YES;
				CLANG_WARN_OBJC_ROOT_CLASS = YES_ERROR;
				CLANG_WARN_QUOTED_INCLUDE_IN_FRAMEWORK_HEADER = YES;
				CLANG_WARN_RANGE_LOOP_ANALYSIS = YES;
				CLANG_WARN_STRICT_PROTOTYPES = YES;
				CLANG_WARN_SUSPICIOUS_MOVE = YES;
				CLANG_WARN_UNGUARDED_AVAILABILITY = YES_AGGRESSIVE;
				CLANG_WARN_UNREACHABLE_CODE = YES;
				CLANG_WARN__DUPLICATE_METHOD_MATCH = YES;
				COPY_PHASE_STRIP = NO;
				DEBUG_INFORMATION_FORMAT = "dwarf-with-dsym";
				ENABLE_NS_ASSERTIONS = NO;
				ENABLE_STRICT_OBJC_MSGSEND = YES;
				GCC_C_LANGUAGE_STANDARD = gnu11;
				GCC_NO_COMMON_BLOCKS = YES;
				GCC_WARN_64_TO_32_BIT_CONVERSION = YES;
				GCC_WARN_ABOUT_RETURN_TYPE = YES_ERROR;
				GCC_WARN_UNDECLARED_SELECTOR = YES;
				GCC_WARN_UNINITIALIZED_AUTOS = YES_AGGRESSIVE;
				GCC_WARN_UNUSED_FUNCTION = YES;
				GCC_WARN_UNUSED_VARIABLE = YES;
				IPHONEOS_DEPLOYMENT_TARGET = 15.0;
				MTL_ENABLE_DEBUG_INFO = NO;
				MTL_FAST_MATH = YES;
				SDKROOT = iphoneos;
				SWIFT_COMPILATION_MODE = wholemodule;
				SWIFT_OPTIMIZATION_LEVEL = "-O";
				VALIDATE_PRODUCT = YES;
			};
			name = Release;
		};
		BA00725F26FD8D6A00CEC8C5 /* Debug */ = {
			isa = XCBuildConfiguration;
			buildSettings = {
				ASSETCATALOG_COMPILER_APPICON_NAME = AppIcon;
				ASSETCATALOG_COMPILER_GLOBAL_ACCENT_COLOR_NAME = AccentColor;
				CODE_SIGN_STYLE = Automatic;
				CURRENT_PROJECT_VERSION = 1;
				DEVELOPMENT_ASSET_PATHS = "\"VideoFeed2/Preview Content\"";
				DEVELOPMENT_TEAM = 7UZ54V5BU3;
				ENABLE_PREVIEWS = YES;
				GENERATE_INFOPLIST_FILE = YES;
				INFOPLIST_KEY_UIApplicationSceneManifest_Generation = YES;
				INFOPLIST_KEY_UIApplicationSupportsIndirectInputEvents = YES;
				INFOPLIST_KEY_UILaunchScreen_Generation = YES;
				INFOPLIST_KEY_UISupportedInterfaceOrientations_iPad = "UIInterfaceOrientationPortrait UIInterfaceOrientationPortraitUpsideDown UIInterfaceOrientationLandscapeLeft UIInterfaceOrientationLandscapeRight";
				INFOPLIST_KEY_UISupportedInterfaceOrientations_iPhone = "UIInterfaceOrientationPortrait UIInterfaceOrientationLandscapeLeft UIInterfaceOrientationLandscapeRight";
				IPHONEOS_DEPLOYMENT_TARGET = 15.0;
				LD_RUNPATH_SEARCH_PATHS = (
					"$(inherited)",
					"@executable_path/Frameworks",
				);
				MARKETING_VERSION = 1.0;
				PRODUCT_BUNDLE_IDENTIFIER = henry.VideoFeed2;
				PRODUCT_NAME = "$(TARGET_NAME)";
				SWIFT_EMIT_LOC_STRINGS = YES;
				SWIFT_VERSION = 5.0;
				TARGETED_DEVICE_FAMILY = "1,2";
			};
			name = Debug;
		};
		BA00726026FD8D6A00CEC8C5 /* Release */ = {
			isa = XCBuildConfiguration;
			buildSettings = {
				ASSETCATALOG_COMPILER_APPICON_NAME = AppIcon;
				ASSETCATALOG_COMPILER_GLOBAL_ACCENT_COLOR_NAME = AccentColor;
				CODE_SIGN_STYLE = Automatic;
				CURRENT_PROJECT_VERSION = 1;
				DEVELOPMENT_ASSET_PATHS = "\"VideoFeed2/Preview Content\"";
				DEVELOPMENT_TEAM = 7UZ54V5BU3;
				ENABLE_PREVIEWS = YES;
				GENERATE_INFOPLIST_FILE = YES;
				INFOPLIST_KEY_UIApplicationSceneManifest_Generation = YES;
				INFOPLIST_KEY_UIApplicationSupportsIndirectInputEvents = YES;
				INFOPLIST_KEY_UILaunchScreen_Generation = YES;
				INFOPLIST_KEY_UISupportedInterfaceOrientations_iPad = "UIInterfaceOrientationPortrait UIInterfaceOrientationPortraitUpsideDown UIInterfaceOrientationLandscapeLeft UIInterfaceOrientationLandscapeRight";
				INFOPLIST_KEY_UISupportedInterfaceOrientations_iPhone = "UIInterfaceOrientationPortrait UIInterfaceOrientationLandscapeLeft UIInterfaceOrientationLandscapeRight";
				IPHONEOS_DEPLOYMENT_TARGET = 15.0;
				LD_RUNPATH_SEARCH_PATHS = (
					"$(inherited)",
					"@executable_path/Frameworks",
				);
				MARKETING_VERSION = 1.0;
				PRODUCT_BUNDLE_IDENTIFIER = henry.VideoFeed2;
				PRODUCT_NAME = "$(TARGET_NAME)";
				SWIFT_EMIT_LOC_STRINGS = YES;
				SWIFT_VERSION = 5.0;
				TARGETED_DEVICE_FAMILY = "1,2";
			};
			name = Release;
		};
		BA00726226FD8D6A00CEC8C5 /* Debug */ = {
			isa = XCBuildConfiguration;
			buildSettings = {
				ALWAYS_EMBED_SWIFT_STANDARD_LIBRARIES = YES;
				BUNDLE_LOADER = "$(TEST_HOST)";
				CODE_SIGN_STYLE = Automatic;
				CURRENT_PROJECT_VERSION = 1;
				DEVELOPMENT_TEAM = 7UZ54V5BU3;
				GENERATE_INFOPLIST_FILE = YES;
				IPHONEOS_DEPLOYMENT_TARGET = 15.0;
				LD_RUNPATH_SEARCH_PATHS = (
					"$(inherited)",
					"@executable_path/Frameworks",
					"@loader_path/Frameworks",
				);
				MARKETING_VERSION = 1.0;
				PRODUCT_BUNDLE_IDENTIFIER = henry.VideoFeed2Tests;
				PRODUCT_NAME = "$(TARGET_NAME)";
				SWIFT_EMIT_LOC_STRINGS = NO;
				SWIFT_VERSION = 5.0;
				TARGETED_DEVICE_FAMILY = "1,2";
				TEST_HOST = "$(BUILT_PRODUCTS_DIR)/VideoFeed2.app/VideoFeed2";
			};
			name = Debug;
		};
		BA00726326FD8D6A00CEC8C5 /* Release */ = {
			isa = XCBuildConfiguration;
			buildSettings = {
				ALWAYS_EMBED_SWIFT_STANDARD_LIBRARIES = YES;
				BUNDLE_LOADER = "$(TEST_HOST)";
				CODE_SIGN_STYLE = Automatic;
				CURRENT_PROJECT_VERSION = 1;
				DEVELOPMENT_TEAM = 7UZ54V5BU3;
				GENERATE_INFOPLIST_FILE = YES;
				IPHONEOS_DEPLOYMENT_TARGET = 15.0;
				LD_RUNPATH_SEARCH_PATHS = (
					"$(inherited)",
					"@executable_path/Frameworks",
					"@loader_path/Frameworks",
				);
				MARKETING_VERSION = 1.0;
				PRODUCT_BUNDLE_IDENTIFIER = henry.VideoFeed2Tests;
				PRODUCT_NAME = "$(TARGET_NAME)";
				SWIFT_EMIT_LOC_STRINGS = NO;
				SWIFT_VERSION = 5.0;
				TARGETED_DEVICE_FAMILY = "1,2";
				TEST_HOST = "$(BUILT_PRODUCTS_DIR)/VideoFeed2.app/VideoFeed2";
			};
			name = Release;
		};
		BA00726526FD8D6A00CEC8C5 /* Debug */ = {
			isa = XCBuildConfiguration;
			buildSettings = {
				ALWAYS_EMBED_SWIFT_STANDARD_LIBRARIES = YES;
				CODE_SIGN_STYLE = Automatic;
				CURRENT_PROJECT_VERSION = 1;
				DEVELOPMENT_TEAM = 7UZ54V5BU3;
				GENERATE_INFOPLIST_FILE = YES;
				LD_RUNPATH_SEARCH_PATHS = (
					"$(inherited)",
					"@executable_path/Frameworks",
					"@loader_path/Frameworks",
				);
				MARKETING_VERSION = 1.0;
				PRODUCT_BUNDLE_IDENTIFIER = henry.VideoFeed2UITests;
				PRODUCT_NAME = "$(TARGET_NAME)";
				SWIFT_EMIT_LOC_STRINGS = NO;
				SWIFT_VERSION = 5.0;
				TARGETED_DEVICE_FAMILY = "1,2";
				TEST_TARGET_NAME = VideoFeed2;
			};
			name = Debug;
		};
		BA00726626FD8D6A00CEC8C5 /* Release */ = {
			isa = XCBuildConfiguration;
			buildSettings = {
				ALWAYS_EMBED_SWIFT_STANDARD_LIBRARIES = YES;
				CODE_SIGN_STYLE = Automatic;
				CURRENT_PROJECT_VERSION = 1;
				DEVELOPMENT_TEAM = 7UZ54V5BU3;
				GENERATE_INFOPLIST_FILE = YES;
				LD_RUNPATH_SEARCH_PATHS = (
					"$(inherited)",
					"@executable_path/Frameworks",
					"@loader_path/Frameworks",
				);
				MARKETING_VERSION = 1.0;
				PRODUCT_BUNDLE_IDENTIFIER = henry.VideoFeed2UITests;
				PRODUCT_NAME = "$(TARGET_NAME)";
				SWIFT_EMIT_LOC_STRINGS = NO;
				SWIFT_VERSION = 5.0;
				TARGETED_DEVICE_FAMILY = "1,2";
				TEST_TARGET_NAME = VideoFeed2;
			};
			name = Release;
		};
/* End XCBuildConfiguration section */

/* Begin XCConfigurationList section */
		BA00723526FD8D6800CEC8C5 /* Build configuration list for PBXProject "VideoFeed2" */ = {
			isa = XCConfigurationList;
			buildConfigurations = (
				BA00725C26FD8D6A00CEC8C5 /* Debug */,
				BA00725D26FD8D6A00CEC8C5 /* Release */,
			);
			defaultConfigurationIsVisible = 0;
			defaultConfigurationName = Release;
		};
		BA00725E26FD8D6A00CEC8C5 /* Build configuration list for PBXNativeTarget "VideoFeed2" */ = {
			isa = XCConfigurationList;
			buildConfigurations = (
				BA00725F26FD8D6A00CEC8C5 /* Debug */,
				BA00726026FD8D6A00CEC8C5 /* Release */,
			);
			defaultConfigurationIsVisible = 0;
			defaultConfigurationName = Release;
		};
		BA00726126FD8D6A00CEC8C5 /* Build configuration list for PBXNativeTarget "VideoFeed2Tests" */ = {
			isa = XCConfigurationList;
			buildConfigurations = (
				BA00726226FD8D6A00CEC8C5 /* Debug */,
				BA00726326FD8D6A00CEC8C5 /* Release */,
			);
			defaultConfigurationIsVisible = 0;
			defaultConfigurationName = Release;
		};
		BA00726426FD8D6A00CEC8C5 /* Build configuration list for PBXNativeTarget "VideoFeed2UITests" */ = {
			isa = XCConfigurationList;
			buildConfigurations = (
				BA00726526FD8D6A00CEC8C5 /* Debug */,
				BA00726626FD8D6A00CEC8C5 /* Release */,
			);
			defaultConfigurationIsVisible = 0;
			defaultConfigurationName = Release;
		};
/* End XCConfigurationList section */

/* Begin XCVersionGroup section */
		BAB52E1D270823A300BFFCFB /* VideoFeed2.xcdatamodeld */ = {
			isa = XCVersionGroup;
			children = (
				BAB52E1E270823A300BFFCFB /* VideoFeed2.xcdatamodel */,
			);
			currentVersion = BAB52E1E270823A300BFFCFB /* VideoFeed2.xcdatamodel */;
			path = VideoFeed2.xcdatamodeld;
			sourceTree = "<group>";
			versionGroupType = wrapper.xcdatamodel;
		};
/* End XCVersionGroup section */
	};
	rootObject = BA00723226FD8D6800CEC8C5 /* Project object */;
}
