// !$*UTF8*$!
{
	archiveVersion = 1;
	classes = {
	};
	objectVersion = 56;
	objects = {

/* Begin PBXBuildFile section */
		BA0D68F828E26566000879E2 /* Reader.swift in Sources */ = {isa = PBXBuildFile; fileRef = BA0D68F728E26566000879E2 /* Reader.swift */; };
		BA0D68FA28E26620000879E2 /* VideoFeed.swift in Sources */ = {isa = PBXBuildFile; fileRef = BA0D68F928E26620000879E2 /* VideoFeed.swift */; };
		BA0D68FE28E296DB000879E2 /* VideoPlayer.swift in Sources */ = {isa = PBXBuildFile; fileRef = BA0D68FD28E296DB000879E2 /* VideoPlayer.swift */; };
		BA0D690028E297C0000879E2 /* WebViewModel.swift in Sources */ = {isa = PBXBuildFile; fileRef = BA0D68FF28E297C0000879E2 /* WebViewModel.swift */; };
		BA7204CD28E2389900D4AD35 /* VideoFeedApp.swift in Sources */ = {isa = PBXBuildFile; fileRef = BA7204CC28E2389900D4AD35 /* VideoFeedApp.swift */; };
		BA7204CF28E2389900D4AD35 /* ContentView.swift in Sources */ = {isa = PBXBuildFile; fileRef = BA7204CE28E2389900D4AD35 /* ContentView.swift */; };
		BA7204D128E2389A00D4AD35 /* Assets.xcassets in Resources */ = {isa = PBXBuildFile; fileRef = BA7204D028E2389A00D4AD35 /* Assets.xcassets */; };
		BA7204D428E2389A00D4AD35 /* Preview Assets.xcassets in Resources */ = {isa = PBXBuildFile; fileRef = BA7204D328E2389A00D4AD35 /* Preview Assets.xcassets */; };
		BA7204D628E2389A00D4AD35 /* Persistence.swift in Sources */ = {isa = PBXBuildFile; fileRef = BA7204D528E2389A00D4AD35 /* Persistence.swift */; };
		BA7204D928E2389A00D4AD35 /* VideoFeed.xcdatamodeld in Sources */ = {isa = PBXBuildFile; fileRef = BA7204D728E2389A00D4AD35 /* VideoFeed.xcdatamodeld */; };
		BA7204E128E2396500D4AD35 /* NewChannelView.swift in Sources */ = {isa = PBXBuildFile; fileRef = BA7204E028E2396500D4AD35 /* NewChannelView.swift */; };
		BA7204E328E2398800D4AD35 /* NetworkManager.swift in Sources */ = {isa = PBXBuildFile; fileRef = BA7204E228E2398800D4AD35 /* NetworkManager.swift */; };
		BA7204E528E239B300D4AD35 /* Constants.swift in Sources */ = {isa = PBXBuildFile; fileRef = BA7204E428E239B300D4AD35 /* Constants.swift */; };
		BA7204E728E239C900D4AD35 /* APIKey.swift in Sources */ = {isa = PBXBuildFile; fileRef = BA7204E628E239C900D4AD35 /* APIKey.swift */; };
		BA7204E928E239F900D4AD35 /* YoutubeModel.swift in Sources */ = {isa = PBXBuildFile; fileRef = BA7204E828E239F900D4AD35 /* YoutubeModel.swift */; };
		BA78D2CB2A415C480024A848 /* AddPlaylist.swift in Sources */ = {isa = PBXBuildFile; fileRef = BA78D2CA2A415C480024A848 /* AddPlaylist.swift */; };
/* End PBXBuildFile section */

/* Begin PBXFileReference section */
		BA0D68F728E26566000879E2 /* Reader.swift */ = {isa = PBXFileReference; lastKnownFileType = sourcecode.swift; path = Reader.swift; sourceTree = "<group>"; };
		BA0D68F928E26620000879E2 /* VideoFeed.swift */ = {isa = PBXFileReference; lastKnownFileType = sourcecode.swift; path = VideoFeed.swift; sourceTree = "<group>"; };
		BA0D68FC28E28174000879E2 /* VideoFeed.entitlements */ = {isa = PBXFileReference; lastKnownFileType = text.plist.entitlements; path = VideoFeed.entitlements; sourceTree = "<group>"; };
		BA0D68FD28E296DB000879E2 /* VideoPlayer.swift */ = {isa = PBXFileReference; lastKnownFileType = sourcecode.swift; path = VideoPlayer.swift; sourceTree = "<group>"; };
		BA0D68FF28E297C0000879E2 /* WebViewModel.swift */ = {isa = PBXFileReference; lastKnownFileType = sourcecode.swift; path = WebViewModel.swift; sourceTree = "<group>"; };
		BA7204C928E2389900D4AD35 /* VideoFeed.app */ = {isa = PBXFileReference; explicitFileType = wrapper.application; includeInIndex = 0; path = VideoFeed.app; sourceTree = BUILT_PRODUCTS_DIR; };
		BA7204CC28E2389900D4AD35 /* VideoFeedApp.swift */ = {isa = PBXFileReference; lastKnownFileType = sourcecode.swift; path = VideoFeedApp.swift; sourceTree = "<group>"; };
		BA7204CE28E2389900D4AD35 /* ContentView.swift */ = {isa = PBXFileReference; lastKnownFileType = sourcecode.swift; path = ContentView.swift; sourceTree = "<group>"; };
		BA7204D028E2389A00D4AD35 /* Assets.xcassets */ = {isa = PBXFileReference; lastKnownFileType = folder.assetcatalog; path = Assets.xcassets; sourceTree = "<group>"; };
		BA7204D328E2389A00D4AD35 /* Preview Assets.xcassets */ = {isa = PBXFileReference; lastKnownFileType = folder.assetcatalog; path = "Preview Assets.xcassets"; sourceTree = "<group>"; };
		BA7204D528E2389A00D4AD35 /* Persistence.swift */ = {isa = PBXFileReference; lastKnownFileType = sourcecode.swift; path = Persistence.swift; sourceTree = "<group>"; };
		BA7204D828E2389A00D4AD35 /* VideoFeed.xcdatamodel */ = {isa = PBXFileReference; lastKnownFileType = wrapper.xcdatamodel; path = VideoFeed.xcdatamodel; sourceTree = "<group>"; };
		BA7204DA28E2389A00D4AD35 /* Info.plist */ = {isa = PBXFileReference; lastKnownFileType = text.plist.xml; path = Info.plist; sourceTree = "<group>"; };
		BA7204E028E2396500D4AD35 /* NewChannelView.swift */ = {isa = PBXFileReference; lastKnownFileType = sourcecode.swift; path = NewChannelView.swift; sourceTree = "<group>"; };
		BA7204E228E2398800D4AD35 /* NetworkManager.swift */ = {isa = PBXFileReference; lastKnownFileType = sourcecode.swift; path = NetworkManager.swift; sourceTree = "<group>"; };
		BA7204E428E239B300D4AD35 /* Constants.swift */ = {isa = PBXFileReference; lastKnownFileType = sourcecode.swift; path = Constants.swift; sourceTree = "<group>"; };
		BA7204E628E239C900D4AD35 /* APIKey.swift */ = {isa = PBXFileReference; lastKnownFileType = sourcecode.swift; path = APIKey.swift; sourceTree = "<group>"; };
		BA7204E828E239F900D4AD35 /* YoutubeModel.swift */ = {isa = PBXFileReference; lastKnownFileType = sourcecode.swift; path = YoutubeModel.swift; sourceTree = "<group>"; };
		BA78D2CA2A415C480024A848 /* AddPlaylist.swift */ = {isa = PBXFileReference; lastKnownFileType = sourcecode.swift; path = AddPlaylist.swift; sourceTree = "<group>"; };
/* End PBXFileReference section */

/* Begin PBXFrameworksBuildPhase section */
		BA7204C628E2389900D4AD35 /* Frameworks */ = {
			isa = PBXFrameworksBuildPhase;
			buildActionMask = 2147483647;
			files = (
			);
			runOnlyForDeploymentPostprocessing = 0;
		};
/* End PBXFrameworksBuildPhase section */

/* Begin PBXGroup section */
		BA0D68FB28E27345000879E2 /* Views */ = {
			isa = PBXGroup;
			children = (
				BA7204CE28E2389900D4AD35 /* ContentView.swift */,
				BA0D68F928E26620000879E2 /* VideoFeed.swift */,
				BA0D68FD28E296DB000879E2 /* VideoPlayer.swift */,
				BA7204E028E2396500D4AD35 /* NewChannelView.swift */,
				BA78D2CA2A415C480024A848 /* AddPlaylist.swift */,
			);
			path = Views;
			sourceTree = "<group>";
		};
		BA7204C028E2389900D4AD35 = {
			isa = PBXGroup;
			children = (
				BA7204CB28E2389900D4AD35 /* VideoFeed */,
				BA7204CA28E2389900D4AD35 /* Products */,
			);
			sourceTree = "<group>";
		};
		BA7204CA28E2389900D4AD35 /* Products */ = {
			isa = PBXGroup;
			children = (
				BA7204C928E2389900D4AD35 /* VideoFeed.app */,
			);
			name = Products;
			sourceTree = "<group>";
		};
		BA7204CB28E2389900D4AD35 /* VideoFeed */ = {
			isa = PBXGroup;
			children = (
				BA0D68FC28E28174000879E2 /* VideoFeed.entitlements */,
				BA0D68FB28E27345000879E2 /* Views */,
				BA7204CC28E2389900D4AD35 /* VideoFeedApp.swift */,
				BA0D68FF28E297C0000879E2 /* WebViewModel.swift */,
				BA0D68F728E26566000879E2 /* Reader.swift */,
				BA7204E828E239F900D4AD35 /* YoutubeModel.swift */,
				BA7204E428E239B300D4AD35 /* Constants.swift */,
				BA7204E628E239C900D4AD35 /* APIKey.swift */,
				BA7204E228E2398800D4AD35 /* NetworkManager.swift */,
				BA7204D528E2389A00D4AD35 /* Persistence.swift */,
				BA7204D028E2389A00D4AD35 /* Assets.xcassets */,
				BA7204DA28E2389A00D4AD35 /* Info.plist */,
				BA7204D728E2389A00D4AD35 /* VideoFeed.xcdatamodeld */,
				BA7204D228E2389A00D4AD35 /* Preview Content */,
			);
			path = VideoFeed;
			sourceTree = "<group>";
		};
		BA7204D228E2389A00D4AD35 /* Preview Content */ = {
			isa = PBXGroup;
			children = (
				BA7204D328E2389A00D4AD35 /* Preview Assets.xcassets */,
			);
			path = "Preview Content";
			sourceTree = "<group>";
		};
/* End PBXGroup section */

/* Begin PBXNativeTarget section */
		BA7204C828E2389900D4AD35 /* VideoFeed */ = {
			isa = PBXNativeTarget;
			buildConfigurationList = BA7204DD28E2389A00D4AD35 /* Build configuration list for PBXNativeTarget "VideoFeed" */;
			buildPhases = (
				BA7204C528E2389900D4AD35 /* Sources */,
				BA7204C628E2389900D4AD35 /* Frameworks */,
				BA7204C728E2389900D4AD35 /* Resources */,
			);
			buildRules = (
			);
			dependencies = (
			);
			name = VideoFeed;
			productName = VideoFeed;
			productReference = BA7204C928E2389900D4AD35 /* VideoFeed.app */;
			productType = "com.apple.product-type.application";
		};
/* End PBXNativeTarget section */

/* Begin PBXProject section */
		BA7204C128E2389900D4AD35 /* Project object */ = {
			isa = PBXProject;
			attributes = {
				BuildIndependentTargetsInParallel = 1;
				LastSwiftUpdateCheck = 1400;
				LastUpgradeCheck = 1400;
				TargetAttributes = {
					BA7204C828E2389900D4AD35 = {
						CreatedOnToolsVersion = 14.0;
					};
				};
			};
			buildConfigurationList = BA7204C428E2389900D4AD35 /* Build configuration list for PBXProject "VideoFeed" */;
			compatibilityVersion = "Xcode 14.0";
			developmentRegion = en;
			hasScannedForEncodings = 0;
			knownRegions = (
				en,
				Base,
			);
			mainGroup = BA7204C028E2389900D4AD35;
			productRefGroup = BA7204CA28E2389900D4AD35 /* Products */;
			projectDirPath = "";
			projectRoot = "";
			targets = (
				BA7204C828E2389900D4AD35 /* VideoFeed */,
			);
		};
/* End PBXProject section */

/* Begin PBXResourcesBuildPhase section */
		BA7204C728E2389900D4AD35 /* Resources */ = {
			isa = PBXResourcesBuildPhase;
			buildActionMask = 2147483647;
			files = (
				BA7204D428E2389A00D4AD35 /* Preview Assets.xcassets in Resources */,
				BA7204D128E2389A00D4AD35 /* Assets.xcassets in Resources */,
			);
			runOnlyForDeploymentPostprocessing = 0;
		};
/* End PBXResourcesBuildPhase section */

/* Begin PBXSourcesBuildPhase section */
		BA7204C528E2389900D4AD35 /* Sources */ = {
			isa = PBXSourcesBuildPhase;
			buildActionMask = 2147483647;
			files = (
				BA0D690028E297C0000879E2 /* WebViewModel.swift in Sources */,
				BA7204E328E2398800D4AD35 /* NetworkManager.swift in Sources */,
				BA7204D628E2389A00D4AD35 /* Persistence.swift in Sources */,
				BA0D68F828E26566000879E2 /* Reader.swift in Sources */,
				BA7204E728E239C900D4AD35 /* APIKey.swift in Sources */,
				BA7204E928E239F900D4AD35 /* YoutubeModel.swift in Sources */,
				BA7204D928E2389A00D4AD35 /* VideoFeed.xcdatamodeld in Sources */,
				BA7204CF28E2389900D4AD35 /* ContentView.swift in Sources */,
				BA7204E528E239B300D4AD35 /* Constants.swift in Sources */,
				BA0D68FE28E296DB000879E2 /* VideoPlayer.swift in Sources */,
				BA0D68FA28E26620000879E2 /* VideoFeed.swift in Sources */,
				BA78D2CB2A415C480024A848 /* AddPlaylist.swift in Sources */,
				BA7204CD28E2389900D4AD35 /* VideoFeedApp.swift in Sources */,
				BA7204E128E2396500D4AD35 /* NewChannelView.swift in Sources */,
			);
			runOnlyForDeploymentPostprocessing = 0;
		};
/* End PBXSourcesBuildPhase section */

/* Begin XCBuildConfiguration section */
		BA7204DB28E2389A00D4AD35 /* Debug */ = {
			isa = XCBuildConfiguration;
			buildSettings = {
				ALWAYS_SEARCH_USER_PATHS = NO;
				CLANG_ANALYZER_NONNULL = YES;
				CLANG_ANALYZER_NUMBER_OBJECT_CONVERSION = YES_AGGRESSIVE;
				CLANG_CXX_LANGUAGE_STANDARD = "gnu++20";
				CLANG_ENABLE_MODULES = YES;
				CLANG_ENABLE_OBJC_ARC = YES;
				CLANG_ENABLE_OBJC_WEAK = YES;
				CLANG_WARN_BLOCK_CAPTURE_AUTORELEASING = YES;
				CLANG_WARN_BOOL_CONVERSION = YES;
				CLANG_WARN_COMMA = YES;
				CLANG_WARN_CONSTANT_CONVERSION = YES;
				CLANG_WARN_DEPRECATED_OBJC_IMPLEMENTATIONS = YES;
				CLANG_WARN_DIRECT_OBJC_ISA_USAGE = YES_ERROR;
				CLANG_WARN_DOCUMENTATION_COMMENTS = YES;
				CLANG_WARN_EMPTY_BODY = YES;
				CLANG_WARN_ENUM_CONVERSION = YES;
				CLANG_WARN_INFINITE_RECURSION = YES;
				CLANG_WARN_INT_CONVERSION = YES;
				CLANG_WARN_NON_LITERAL_NULL_CONVERSION = YES;
				CLANG_WARN_OBJC_IMPLICIT_RETAIN_SELF = YES;
				CLANG_WARN_OBJC_LITERAL_CONVERSION = YES;
				CLANG_WARN_OBJC_ROOT_CLASS = YES_ERROR;
				CLANG_WARN_QUOTED_INCLUDE_IN_FRAMEWORK_HEADER = YES;
				CLANG_WARN_RANGE_LOOP_ANALYSIS = YES;
				CLANG_WARN_STRICT_PROTOTYPES = YES;
				CLANG_WARN_SUSPICIOUS_MOVE = YES;
				CLANG_WARN_UNGUARDED_AVAILABILITY = YES_AGGRESSIVE;
				CLANG_WARN_UNREACHABLE_CODE = YES;
				CLANG_WARN__DUPLICATE_METHOD_MATCH = YES;
				COPY_PHASE_STRIP = NO;
				DEBUG_INFORMATION_FORMAT = dwarf;
				ENABLE_STRICT_OBJC_MSGSEND = YES;
				ENABLE_TESTABILITY = YES;
				GCC_C_LANGUAGE_STANDARD = gnu11;
				GCC_DYNAMIC_NO_PIC = NO;
				GCC_NO_COMMON_BLOCKS = YES;
				GCC_OPTIMIZATION_LEVEL = 0;
				GCC_PREPROCESSOR_DEFINITIONS = (
					"DEBUG=1",
					"$(inherited)",
				);
				GCC_WARN_64_TO_32_BIT_CONVERSION = YES;
				GCC_WARN_ABOUT_RETURN_TYPE = YES_ERROR;
				GCC_WARN_UNDECLARED_SELECTOR = YES;
				GCC_WARN_UNINITIALIZED_AUTOS = YES_AGGRESSIVE;
				GCC_WARN_UNUSED_FUNCTION = YES;
				GCC_WARN_UNUSED_VARIABLE = YES;
				IPHONEOS_DEPLOYMENT_TARGET = 16.0;
				MTL_ENABLE_DEBUG_INFO = INCLUDE_SOURCE;
				MTL_FAST_MATH = YES;
				ONLY_ACTIVE_ARCH = YES;
				SDKROOT = iphoneos;
				SWIFT_ACTIVE_COMPILATION_CONDITIONS = DEBUG;
				SWIFT_OPTIMIZATION_LEVEL = "-Onone";
			};
			name = Debug;
		};
		BA7204DC28E2389A00D4AD35 /* Release */ = {
			isa = XCBuildConfiguration;
			buildSettings = {
				ALWAYS_SEARCH_USER_PATHS = NO;
				CLANG_ANALYZER_NONNULL = YES;
				CLANG_ANALYZER_NUMBER_OBJECT_CONVERSION = YES_AGGRESSIVE;
				CLANG_CXX_LANGUAGE_STANDARD = "gnu++20";
				CLANG_ENABLE_MODULES = YES;
				CLANG_ENABLE_OBJC_ARC = YES;
				CLANG_ENABLE_OBJC_WEAK = YES;
				CLANG_WARN_BLOCK_CAPTURE_AUTORELEASING = YES;
				CLANG_WARN_BOOL_CONVERSION = YES;
				CLANG_WARN_COMMA = YES;
				CLANG_WARN_CONSTANT_CONVERSION = YES;
				CLANG_WARN_DEPRECATED_OBJC_IMPLEMENTATIONS = YES;
				CLANG_WARN_DIRECT_OBJC_ISA_USAGE = YES_ERROR;
				CLANG_WARN_DOCUMENTATION_COMMENTS = YES;
				CLANG_WARN_EMPTY_BODY = YES;
				CLANG_WARN_ENUM_CONVERSION = YES;
				CLANG_WARN_INFINITE_RECURSION = YES;
				CLANG_WARN_INT_CONVERSION = YES;
				CLANG_WARN_NON_LITERAL_NULL_CONVERSION = YES;
				CLANG_WARN_OBJC_IMPLICIT_RETAIN_SELF = YES;
				CLANG_WARN_OBJC_LITERAL_CONVERSION = YES;
				CLANG_WARN_OBJC_ROOT_CLASS = YES_ERROR;
				CLANG_WARN_QUOTED_INCLUDE_IN_FRAMEWORK_HEADER = YES;
				CLANG_WARN_RANGE_LOOP_ANALYSIS = YES;
				CLANG_WARN_STRICT_PROTOTYPES = YES;
				CLANG_WARN_SUSPICIOUS_MOVE = YES;
				CLANG_WARN_UNGUARDED_AVAILABILITY = YES_AGGRESSIVE;
				CLANG_WARN_UNREACHABLE_CODE = YES;
				CLANG_WARN__DUPLICATE_METHOD_MATCH = YES;
				COPY_PHASE_STRIP = NO;
				DEBUG_INFORMATION_FORMAT = "dwarf-with-dsym";
				ENABLE_NS_ASSERTIONS = NO;
				ENABLE_STRICT_OBJC_MSGSEND = YES;
				GCC_C_LANGUAGE_STANDARD = gnu11;
				GCC_NO_COMMON_BLOCKS = YES;
				GCC_WARN_64_TO_32_BIT_CONVERSION = YES;
				GCC_WARN_ABOUT_RETURN_TYPE = YES_ERROR;
				GCC_WARN_UNDECLARED_SELECTOR = YES;
				GCC_WARN_UNINITIALIZED_AUTOS = YES_AGGRESSIVE;
				GCC_WARN_UNUSED_FUNCTION = YES;
				GCC_WARN_UNUSED_VARIABLE = YES;
				IPHONEOS_DEPLOYMENT_TARGET = 16.0;
				MTL_ENABLE_DEBUG_INFO = NO;
				MTL_FAST_MATH = YES;
				SDKROOT = iphoneos;
				SWIFT_COMPILATION_MODE = wholemodule;
				SWIFT_OPTIMIZATION_LEVEL = "-O";
				VALIDATE_PRODUCT = YES;
			};
			name = Release;
		};
		BA7204DE28E2389A00D4AD35 /* Debug */ = {
			isa = XCBuildConfiguration;
			buildSettings = {
				ASSETCATALOG_COMPILER_APPICON_NAME = AppIcon;
				ASSETCATALOG_COMPILER_GLOBAL_ACCENT_COLOR_NAME = AccentColor;
				CODE_SIGN_ENTITLEMENTS = VideoFeed/VideoFeed.entitlements;
				"CODE_SIGN_IDENTITY[sdk=macosx*]" = "Apple Development";
				CODE_SIGN_STYLE = Automatic;
				CURRENT_PROJECT_VERSION = 1;
				DEVELOPMENT_ASSET_PATHS = "\"VideoFeed/Preview Content\"";
				DEVELOPMENT_TEAM = 7UZ54V5BU3;
				ENABLE_PREVIEWS = YES;
				GENERATE_INFOPLIST_FILE = YES;
				INFOPLIST_KEY_UIApplicationSceneManifest_Generation = YES;
				INFOPLIST_KEY_UIApplicationSupportsIndirectInputEvents = YES;
				INFOPLIST_KEY_UILaunchScreen_Generation = YES;
				INFOPLIST_KEY_UISupportedInterfaceOrientations_iPad = "UIInterfaceOrientationPortrait UIInterfaceOrientationPortraitUpsideDown UIInterfaceOrientationLandscapeLeft UIInterfaceOrientationLandscapeRight";
				INFOPLIST_KEY_UISupportedInterfaceOrientations_iPhone = "UIInterfaceOrientationPortrait UIInterfaceOrientationLandscapeLeft UIInterfaceOrientationLandscapeRight";
				LD_RUNPATH_SEARCH_PATHS = (
					"$(inherited)",
					"@executable_path/Frameworks",
				);
				MARKETING_VERSION = 1.0;
				PRODUCT_BUNDLE_IDENTIFIER = henry.VideoFeed;
				PRODUCT_NAME = "$(TARGET_NAME)";
				SUPPORTED_PLATFORMS = "iphoneos iphonesimulator";
				SUPPORTS_MACCATALYST = YES;
				SUPPORTS_MAC_DESIGNED_FOR_IPHONE_IPAD = NO;
				SWIFT_EMIT_LOC_STRINGS = YES;
				SWIFT_VERSION = 5.0;
				TARGETED_DEVICE_FAMILY = "1,2";
			};
			name = Debug;
		};
		BA7204DF28E2389A00D4AD35 /* Release */ = {
			isa = XCBuildConfiguration;
			buildSettings = {
				ASSETCATALOG_COMPILER_APPICON_NAME = AppIcon;
				ASSETCATALOG_COMPILER_GLOBAL_ACCENT_COLOR_NAME = AccentColor;
				CODE_SIGN_ENTITLEMENTS = VideoFeed/VideoFeed.entitlements;
				"CODE_SIGN_IDENTITY[sdk=macosx*]" = "Apple Development";
				CODE_SIGN_STYLE = Automatic;
				CURRENT_PROJECT_VERSION = 1;
				DEVELOPMENT_ASSET_PATHS = "\"VideoFeed/Preview Content\"";
				DEVELOPMENT_TEAM = 7UZ54V5BU3;
				ENABLE_PREVIEWS = YES;
				GENERATE_INFOPLIST_FILE = YES;
				INFOPLIST_KEY_UIApplicationSceneManifest_Generation = YES;
				INFOPLIST_KEY_UIApplicationSupportsIndirectInputEvents = YES;
				INFOPLIST_KEY_UILaunchScreen_Generation = YES;
				INFOPLIST_KEY_UISupportedInterfaceOrientations_iPad = "UIInterfaceOrientationPortrait UIInterfaceOrientationPortraitUpsideDown UIInterfaceOrientationLandscapeLeft UIInterfaceOrientationLandscapeRight";
				INFOPLIST_KEY_UISupportedInterfaceOrientations_iPhone = "UIInterfaceOrientationPortrait UIInterfaceOrientationLandscapeLeft UIInterfaceOrientationLandscapeRight";
				LD_RUNPATH_SEARCH_PATHS = (
					"$(inherited)",
					"@executable_path/Frameworks",
				);
				MARKETING_VERSION = 1.0;
				PRODUCT_BUNDLE_IDENTIFIER = henry.VideoFeed;
				PRODUCT_NAME = "$(TARGET_NAME)";
				SUPPORTED_PLATFORMS = "iphoneos iphonesimulator";
				SUPPORTS_MACCATALYST = YES;
				SUPPORTS_MAC_DESIGNED_FOR_IPHONE_IPAD = NO;
				SWIFT_EMIT_LOC_STRINGS = YES;
				SWIFT_VERSION = 5.0;
				TARGETED_DEVICE_FAMILY = "1,2";
			};
			name = Release;
		};
/* End XCBuildConfiguration section */

/* Begin XCConfigurationList section */
		BA7204C428E2389900D4AD35 /* Build configuration list for PBXProject "VideoFeed" */ = {
			isa = XCConfigurationList;
			buildConfigurations = (
				BA7204DB28E2389A00D4AD35 /* Debug */,
				BA7204DC28E2389A00D4AD35 /* Release */,
			);
			defaultConfigurationIsVisible = 0;
			defaultConfigurationName = Release;
		};
		BA7204DD28E2389A00D4AD35 /* Build configuration list for PBXNativeTarget "VideoFeed" */ = {
			isa = XCConfigurationList;
			buildConfigurations = (
				BA7204DE28E2389A00D4AD35 /* Debug */,
				BA7204DF28E2389A00D4AD35 /* Release */,
			);
			defaultConfigurationIsVisible = 0;
			defaultConfigurationName = Release;
		};
/* End XCConfigurationList section */

/* Begin XCVersionGroup section */
		BA7204D728E2389A00D4AD35 /* VideoFeed.xcdatamodeld */ = {
			isa = XCVersionGroup;
			children = (
				BA7204D828E2389A00D4AD35 /* VideoFeed.xcdatamodel */,
			);
			currentVersion = BA7204D828E2389A00D4AD35 /* VideoFeed.xcdatamodel */;
			path = VideoFeed.xcdatamodeld;
			sourceTree = "<group>";
			versionGroupType = wrapper.xcdatamodel;
		};
/* End XCVersionGroup section */
	};
	rootObject = BA7204C128E2389900D4AD35 /* Project object */;
}
